
Microsoft Visual Studio Solution File, Format Version 11.00
# Visual Studio 2010
# Ranorex Studio 7.2
Project("{2150E333-8FDC-42A3-9474-1A3956D46DE8}") = "Solution Items", "Solution Items", "{245C2541-E65B-45FF-B92B-D1093DC8B6AC}"
	ProjectSection(SolutionItems) = postProject
		Ranorex = .\Ranorex.rxsettings
	EndProjectSection
EndProject
Project("{FAE04EC0-301F-11D3-BF4B-00C04F79EFBC}") = "Hackaton", "Hackaton\Hackaton.csproj", "{53FB184E-3E5D-45AD-8B84-555074F92353}"
EndProject
Global
	GlobalSection(SolutionConfigurationPlatforms) = preSolution
		Debug|x86 = Debug|x86
		Release|x86 = Release|x86
	EndGlobalSection
	GlobalSection(ProjectConfigurationPlatforms) = postSolution
		{53FB184E-3E5D-45AD-8B84-555074F92353}.Debug|x86.Build.0 = Debug|x86
		{53FB184E-3E5D-45AD-8B84-555074F92353}.Debug|x86.ActiveCfg = Debug|x86
		{53FB184E-3E5D-45AD-8B84-555074F92353}.Release|x86.Build.0 = Release|x86
		{53FB184E-3E5D-45AD-8B84-555074F92353}.Release|x86.ActiveCfg = Release|x86
	EndGlobalSection
EndGlobal
